
Microsoft Visual Studio Solution File, Format Version 12.00
# Visual Studio Version 17
VisualStudioVersion = 17.3.32929.385
MinimumVisualStudioVersion = 10.0.40219.1
Project("{9A19103F-16F7-4668-BE54-9A1E7A4F7556}") = "MongoDBChangetrackerWebjob", "MongoDBChangetrackerWebjob\MongoDBChangetrackerWebjob.csproj", "{8EAA69FE-B638-4F06-B989-6E25896A182C}"
EndProject
Project("{9A19103F-16F7-4668-BE54-9A1E7A4F7556}") = "MongoDBChangetrackerWebjobCoreInfra", "MongoDBChangetrackerWebjobCoreInfra\MongoDBChangetrackerWebjobCoreInfra.csproj", "{32FA659C-1E1E-469F-BC5C-18BF45DCF458}"
EndProject
Project("{9A19103F-16F7-4668-BE54-9A1E7A4F7556}") = "MongoDBChangetrackerWebjobCore", "MongoDBChangetrackerWebjoBusiness\MongoDBChangetrackerWebjobCore.csproj", "{438EF261-3E35-48AE-80E6-01FD58E4FC21}"
EndProject
Global
	GlobalSection(SolutionConfigurationPlatforms) = preSolution
		Debug|Any CPU = Debug|Any CPU
		Release|Any CPU = Release|Any CPU
	EndGlobalSection
	GlobalSection(ProjectConfigurationPlatforms) = postSolution
		{8EAA69FE-B638-4F06-B989-6E25896A182C}.Debug|Any CPU.ActiveCfg = Debug|Any CPU
		{8EAA69FE-B638-4F06-B989-6E25896A182C}.Debug|Any CPU.Build.0 = Debug|Any CPU
		{8EAA69FE-B638-4F06-B989-6E25896A182C}.Release|Any CPU.ActiveCfg = Release|Any CPU
		{8EAA69FE-B638-4F06-B989-6E25896A182C}.Release|Any CPU.Build.0 = Release|Any CPU
		{32FA659C-1E1E-469F-BC5C-18BF45DCF458}.Debug|Any CPU.ActiveCfg = Debug|Any CPU
		{32FA659C-1E1E-469F-BC5C-18BF45DCF458}.Debug|Any CPU.Build.0 = Debug|Any CPU
		{32FA659C-1E1E-469F-BC5C-18BF45DCF458}.Release|Any CPU.ActiveCfg = Release|Any CPU
		{32FA659C-1E1E-469F-BC5C-18BF45DCF458}.Release|Any CPU.Build.0 = Release|Any CPU
		{438EF261-3E35-48AE-80E6-01FD58E4FC21}.Debug|Any CPU.ActiveCfg = Debug|Any CPU
		{438EF261-3E35-48AE-80E6-01FD58E4FC21}.Debug|Any CPU.Build.0 = Debug|Any CPU
		{438EF261-3E35-48AE-80E6-01FD58E4FC21}.Release|Any CPU.ActiveCfg = Release|Any CPU
		{438EF261-3E35-48AE-80E6-01FD58E4FC21}.Release|Any CPU.Build.0 = Release|Any CPU
	EndGlobalSection
	GlobalSection(SolutionProperties) = preSolution
		HideSolutionNode = FALSE
	EndGlobalSection
	GlobalSection(ExtensibilityGlobals) = postSolution
		SolutionGuid = {1BCF10C8-3A41-46E3-88CF-FAA4F52B55FA}
	EndGlobalSection
EndGlobal
